
Microsoft Visual Studio Solution File, Format Version 12.00
# Visual Studio Version 16
VisualStudioVersion = 16.0.31424.327
MinimumVisualStudioVersion = 10.0.40219.1
Project("{FAE04EC0-301F-11D3-BF4B-00C04F79EFBC}") = "AutoShop-Web", "Aidnet-Task\AutoShop-Web.csproj", "{0438CB21-A874-4D1D-B92E-F79535EB5E24}"
EndProject
Project("{FAE04EC0-301F-11D3-BF4B-00C04F79EFBC}") = "AutoShop-Services", "AutoShop-Services\AutoShop-Services.csproj", "{0D8366B7-84B2-43DC-BC58-A33061DCE8BC}"
EndProject
Project("{FAE04EC0-301F-11D3-BF4B-00C04F79EFBC}") = "AutoShop-Domain", "AutoShop-Domain\AutoShop-Domain.csproj", "{E2B36D75-8B88-4D9C-BD8D-6594AAB11396}"
EndProject
Project("{FAE04EC0-301F-11D3-BF4B-00C04F79EFBC}") = "AutoShop-Entity", "AutoShop-Entity\AutoShop-Entity.csproj", "{D1493A9D-B787-46AD-B6CB-14AB9434706F}"
EndProject
Project("{FAE04EC0-301F-11D3-BF4B-00C04F79EFBC}") = "AutoShop-Data", "AutoShop-Data\AutoShop-Data.csproj", "{C44CF2F5-F6F1-4751-98AA-03E20B6E4919}"
EndProject
Global
	GlobalSection(SolutionConfigurationPlatforms) = preSolution
		Debug|Any CPU = Debug|Any CPU
		Release|Any CPU = Release|Any CPU
	EndGlobalSection
	GlobalSection(ProjectConfigurationPlatforms) = postSolution
		{0438CB21-A874-4D1D-B92E-F79535EB5E24}.Debug|Any CPU.ActiveCfg = Debug|Any CPU
		{0438CB21-A874-4D1D-B92E-F79535EB5E24}.Debug|Any CPU.Build.0 = Debug|Any CPU
		{0438CB21-A874-4D1D-B92E-F79535EB5E24}.Release|Any CPU.ActiveCfg = Release|Any CPU
		{0438CB21-A874-4D1D-B92E-F79535EB5E24}.Release|Any CPU.Build.0 = Release|Any CPU
		{0D8366B7-84B2-43DC-BC58-A33061DCE8BC}.Debug|Any CPU.ActiveCfg = Debug|Any CPU
		{0D8366B7-84B2-43DC-BC58-A33061DCE8BC}.Debug|Any CPU.Build.0 = Debug|Any CPU
		{0D8366B7-84B2-43DC-BC58-A33061DCE8BC}.Release|Any CPU.ActiveCfg = Release|Any CPU
		{0D8366B7-84B2-43DC-BC58-A33061DCE8BC}.Release|Any CPU.Build.0 = Release|Any CPU
		{E2B36D75-8B88-4D9C-BD8D-6594AAB11396}.Debug|Any CPU.ActiveCfg = Debug|Any CPU
		{E2B36D75-8B88-4D9C-BD8D-6594AAB11396}.Debug|Any CPU.Build.0 = Debug|Any CPU
		{E2B36D75-8B88-4D9C-BD8D-6594AAB11396}.Release|Any CPU.ActiveCfg = Release|Any CPU
		{E2B36D75-8B88-4D9C-BD8D-6594AAB11396}.Release|Any CPU.Build.0 = Release|Any CPU
		{D1493A9D-B787-46AD-B6CB-14AB9434706F}.Debug|Any CPU.ActiveCfg = Debug|Any CPU
		{D1493A9D-B787-46AD-B6CB-14AB9434706F}.Debug|Any CPU.Build.0 = Debug|Any CPU
		{D1493A9D-B787-46AD-B6CB-14AB9434706F}.Release|Any CPU.ActiveCfg = Release|Any CPU
		{D1493A9D-B787-46AD-B6CB-14AB9434706F}.Release|Any CPU.Build.0 = Release|Any CPU
		{C44CF2F5-F6F1-4751-98AA-03E20B6E4919}.Debug|Any CPU.ActiveCfg = Debug|Any CPU
		{C44CF2F5-F6F1-4751-98AA-03E20B6E4919}.Debug|Any CPU.Build.0 = Debug|Any CPU
		{C44CF2F5-F6F1-4751-98AA-03E20B6E4919}.Release|Any CPU.ActiveCfg = Release|Any CPU
		{C44CF2F5-F6F1-4751-98AA-03E20B6E4919}.Release|Any CPU.Build.0 = Release|Any CPU
	EndGlobalSection
	GlobalSection(SolutionProperties) = preSolution
		HideSolutionNode = FALSE
	EndGlobalSection
	GlobalSection(ExtensibilityGlobals) = postSolution
		SolutionGuid = {BDE7A694-1809-45AD-AF85-E4776E4AB0F2}
	EndGlobalSection
EndGlobal
